// !$*UTF8*$!
{
	archiveVersion = 1;
	classes = {
	};
	objectVersion = 77;
	objects = {

/* Begin PBXBuildFile section */
		8111E92E2F18559E00BB0A1B /* DeveloperSettings.xcconfig in Resources */ = {isa = PBXBuildFile; fileRef = 8111E92D2F18559E00BB0A1B /* DeveloperSettings.xcconfig */; };
/* End PBXBuildFile section */

/* Begin PBXContainerItemProxy section */
		81E974772F1739E90089E89C /* PBXContainerItemProxy */ = {
			isa = PBXContainerItemProxy;
			containerPortal = 81E9745F2F1739E70089E89C /* Project object */;
			proxyType = 1;
			remoteGlobalIDString = 81E974662F1739E70089E89C;
			remoteInfo = "yt-dlp Clip Maker";
		};
		81E974812F1739E90089E89C /* PBXContainerItemProxy */ = {
			isa = PBXContainerItemProxy;
			containerPortal = 81E9745F2F1739E70089E89C /* Project object */;
			proxyType = 1;
			remoteGlobalIDString = 81E974662F1739E70089E89C;
			remoteInfo = "yt-dlp Clip Maker";
		};
/* End PBXContainerItemProxy section */

/* Begin PBXFileReference section */
		8111E92D2F18559E00BB0A1B /* DeveloperSettings.xcconfig */ = {isa = PBXFileReference; lastKnownFileType = text.xcconfig; path = DeveloperSettings.xcconfig; sourceTree = "<group>"; };
		81E974672F1739E70089E89C /* yt-dlp Clip Maker.app */ = {isa = PBXFileReference; explicitFileType = wrapper.application; includeInIndex = 0; path = "yt-dlp Clip Maker.app"; sourceTree = BUILT_PRODUCTS_DIR; };
		81E974762F1739E90089E89C /* yt-dlp Clip MakerTests.xctest */ = {isa = PBXFileReference; explicitFileType = wrapper.cfbundle; includeInIndex = 0; path = "yt-dlp Clip MakerTests.xctest"; sourceTree = BUILT_PRODUCTS_DIR; };
		81E974802F1739E90089E89C /* yt-dlp Clip MakerUITests.xctest */ = {isa = PBXFileReference; explicitFileType = wrapper.cfbundle; includeInIndex = 0; path = "yt-dlp Clip MakerUITests.xctest"; sourceTree = BUILT_PRODUCTS_DIR; };
/* End PBXFileReference section */

/* Begin PBXFileSystemSynchronizedRootGroup section */
		81E974692F1739E70089E89C /* yt-dlp Clip Maker */ = {
			isa = PBXFileSystemSynchronizedRootGroup;
			path = "yt-dlp Clip Maker";
			sourceTree = "<group>";
		};
		81E974792F1739E90089E89C /* yt-dlp Clip MakerTests */ = {
			isa = PBXFileSystemSynchronizedRootGroup;
			path = "yt-dlp Clip MakerTests";
			sourceTree = "<group>";
		};
		81E974832F1739E90089E89C /* yt-dlp Clip MakerUITests */ = {
			isa = PBXFileSystemSynchronizedRootGroup;
			path = "yt-dlp Clip MakerUITests";
			sourceTree = "<group>";
		};
/* End PBXFileSystemSynchronizedRootGroup section */

/* Begin PBXFrameworksBuildPhase section */
		81E974642F1739E70089E89C /* Frameworks */ = {
			isa = PBXFrameworksBuildPhase;
			buildActionMask = 2147483647;
			files = (
			);
			runOnlyForDeploymentPostprocessing = 0;
		};
		81E974732F1739E90089E89C /* Frameworks */ = {
			isa = PBXFrameworksBuildPhase;
			buildActionMask = 2147483647;
			files = (
			);
			runOnlyForDeploymentPostprocessing = 0;
		};
		81E9747D2F1739E90089E89C /* Frameworks */ = {
			isa = PBXFrameworksBuildPhase;
			buildActionMask = 2147483647;
			files = (
			);
			runOnlyForDeploymentPostprocessing = 0;
		};
/* End PBXFrameworksBuildPhase section */

/* Begin PBXGroup section */
		81E9745E2F1739E70089E89C = {
			isa = PBXGroup;
			children = (
				81E974692F1739E70089E89C /* yt-dlp Clip Maker */,
				81E974792F1739E90089E89C /* yt-dlp Clip MakerTests */,
				81E974832F1739E90089E89C /* yt-dlp Clip MakerUITests */,
				81E974682F1739E70089E89C /* Products */,
				8111E92D2F18559E00BB0A1B /* DeveloperSettings.xcconfig */,
			);
			sourceTree = "<group>";
		};
		81E974682F1739E70089E89C /* Products */ = {
			isa = PBXGroup;
			children = (
				81E974672F1739E70089E89C /* yt-dlp Clip Maker.app */,
				81E974762F1739E90089E89C /* yt-dlp Clip MakerTests.xctest */,
				81E974802F1739E90089E89C /* yt-dlp Clip MakerUITests.xctest */,
			);
			name = Products;
			sourceTree = "<group>";
		};
/* End PBXGroup section */

/* Begin PBXNativeTarget section */
		81E974662F1739E70089E89C /* yt-dlp Clip Maker */ = {
			isa = PBXNativeTarget;
			buildConfigurationList = 81E9748A2F1739E90089E89C /* Build configuration list for PBXNativeTarget "yt-dlp Clip Maker" */;
			buildPhases = (
				81E974632F1739E70089E89C /* Sources */,
				81E974642F1739E70089E89C /* Frameworks */,
				81E974652F1739E70089E89C /* Resources */,
			);
			buildRules = (
			);
			dependencies = (
			);
			fileSystemSynchronizedGroups = (
				81E974692F1739E70089E89C /* yt-dlp Clip Maker */,
			);
			name = "yt-dlp Clip Maker";
			packageProductDependencies = (
			);
			productName = "yt-dlp Clip Maker";
			productReference = 81E974672F1739E70089E89C /* yt-dlp Clip Maker.app */;
			productType = "com.apple.product-type.application";
		};
		81E974752F1739E90089E89C /* yt-dlp Clip MakerTests */ = {
			isa = PBXNativeTarget;
			buildConfigurationList = 81E9748D2F1739E90089E89C /* Build configuration list for PBXNativeTarget "yt-dlp Clip MakerTests" */;
			buildPhases = (
				81E974722F1739E90089E89C /* Sources */,
				81E974732F1739E90089E89C /* Frameworks */,
				81E974742F1739E90089E89C /* Resources */,
			);
			buildRules = (
			);
			dependencies = (
				81E974782F1739E90089E89C /* PBXTargetDependency */,
			);
			fileSystemSynchronizedGroups = (
				81E974792F1739E90089E89C /* yt-dlp Clip MakerTests */,
			);
			name = "yt-dlp Clip MakerTests";
			packageProductDependencies = (
			);
			productName = "yt-dlp Clip MakerTests";
			productReference = 81E974762F1739E90089E89C /* yt-dlp Clip MakerTests.xctest */;
			productType = "com.apple.product-type.bundle.unit-test";
		};
		81E9747F2F1739E90089E89C /* yt-dlp Clip MakerUITests */ = {
			isa = PBXNativeTarget;
			buildConfigurationList = 81E974902F1739E90089E89C /* Build configuration list for PBXNativeTarget "yt-dlp Clip MakerUITests" */;
			buildPhases = (
				81E9747C2F1739E90089E89C /* Sources */,
				81E9747D2F1739E90089E89C /* Frameworks */,
				81E9747E2F1739E90089E89C /* Resources */,
			);
			buildRules = (
			);
			dependencies = (
				81E974822F1739E90089E89C /* PBXTargetDependency */,
			);
			fileSystemSynchronizedGroups = (
				81E974832F1739E90089E89C /* yt-dlp Clip MakerUITests */,
			);
			name = "yt-dlp Clip MakerUITests";
			packageProductDependencies = (
			);
			productName = "yt-dlp Clip MakerUITests";
			productReference = 81E974802F1739E90089E89C /* yt-dlp Clip MakerUITests.xctest */;
			productType = "com.apple.product-type.bundle.ui-testing";
		};
/* End PBXNativeTarget section */

/* Begin PBXProject section */
		81E9745F2F1739E70089E89C /* Project object */ = {
			isa = PBXProject;
			attributes = {
				BuildIndependentTargetsInParallel = 1;
				LastSwiftUpdateCheck = 2600;
				LastUpgradeCheck = 2600;
				TargetAttributes = {
					81E974662F1739E70089E89C = {
						CreatedOnToolsVersion = 26.0.1;
					};
					81E974752F1739E90089E89C = {
						CreatedOnToolsVersion = 26.0.1;
						TestTargetID = 81E974662F1739E70089E89C;
					};
					81E9747F2F1739E90089E89C = {
						CreatedOnToolsVersion = 26.0.1;
						TestTargetID = 81E974662F1739E70089E89C;
					};
				};
			};
			buildConfigurationList = 81E974622F1739E70089E89C /* Build configuration list for PBXProject "yt-dlp Clip Maker" */;
			developmentRegion = en;
			hasScannedForEncodings = 0;
			knownRegions = (
				en,
				Base,
			);
			mainGroup = 81E9745E2F1739E70089E89C;
			minimizedProjectReferenceProxies = 1;
			preferredProjectObjectVersion = 77;
			productRefGroup = 81E974682F1739E70089E89C /* Products */;
			projectDirPath = "";
			projectRoot = "";
			targets = (
				81E974662F1739E70089E89C /* yt-dlp Clip Maker */,
				81E974752F1739E90089E89C /* yt-dlp Clip MakerTests */,
				81E9747F2F1739E90089E89C /* yt-dlp Clip MakerUITests */,
			);
		};
/* End PBXProject section */

/* Begin PBXResourcesBuildPhase section */
		81E974652F1739E70089E89C /* Resources */ = {
			isa = PBXResourcesBuildPhase;
			buildActionMask = 2147483647;
			files = (
				8111E92E2F18559E00BB0A1B /* DeveloperSettings.xcconfig in Resources */,
			);
			runOnlyForDeploymentPostprocessing = 0;
		};
		81E974742F1739E90089E89C /* Resources */ = {
			isa = PBXResourcesBuildPhase;
			buildActionMask = 2147483647;
			files = (
			);
			runOnlyForDeploymentPostprocessing = 0;
		};
		81E9747E2F1739E90089E89C /* Resources */ = {
			isa = PBXResourcesBuildPhase;
			buildActionMask = 2147483647;
			files = (
			);
			runOnlyForDeploymentPostprocessing = 0;
		};
/* End PBXResourcesBuildPhase section */

/* Begin PBXSourcesBuildPhase section */
		81E974632F1739E70089E89C /* Sources */ = {
			isa = PBXSourcesBuildPhase;
			buildActionMask = 2147483647;
			files = (
			);
			runOnlyForDeploymentPostprocessing = 0;
		};
		81E974722F1739E90089E89C /* Sources */ = {
			isa = PBXSourcesBuildPhase;
			buildActionMask = 2147483647;
			files = (
			);
			runOnlyForDeploymentPostprocessing = 0;
		};
		81E9747C2F1739E90089E89C /* Sources */ = {
			isa = PBXSourcesBuildPhase;
			buildActionMask = 2147483647;
			files = (
			);
			runOnlyForDeploymentPostprocessing = 0;
		};
/* End PBXSourcesBuildPhase section */

/* Begin PBXTargetDependency section */
		81E974782F1739E90089E89C /* PBXTargetDependency */ = {
			isa = PBXTargetDependency;
			target = 81E974662F1739E70089E89C /* yt-dlp Clip Maker */;
			targetProxy = 81E974772F1739E90089E89C /* PBXContainerItemProxy */;
		};
		81E974822F1739E90089E89C /* PBXTargetDependency */ = {
			isa = PBXTargetDependency;
			target = 81E974662F1739E70089E89C /* yt-dlp Clip Maker */;
			targetProxy = 81E974812F1739E90089E89C /* PBXContainerItemProxy */;
		};
/* End PBXTargetDependency section */

/* Begin XCBuildConfiguration section */
		81E974882F1739E90089E89C /* Debug */ = {
			isa = XCBuildConfiguration;
			baseConfigurationReference = 8111E92D2F18559E00BB0A1B /* DeveloperSettings.xcconfig */;
			buildSettings = {
				ALWAYS_SEARCH_USER_PATHS = NO;
				ASSETCATALOG_COMPILER_GENERATE_SWIFT_ASSET_SYMBOL_EXTENSIONS = YES;
				CLANG_ANALYZER_NONNULL = YES;
				CLANG_ANALYZER_NUMBER_OBJECT_CONVERSION = YES_AGGRESSIVE;
				CLANG_CXX_LANGUAGE_STANDARD = "gnu++20";
				CLANG_ENABLE_MODULES = YES;
				CLANG_ENABLE_OBJC_ARC = YES;
				CLANG_ENABLE_OBJC_WEAK = YES;
				CLANG_WARN_BLOCK_CAPTURE_AUTORELEASING = YES;
				CLANG_WARN_BOOL_CONVERSION = YES;
				CLANG_WARN_COMMA = YES;
				CLANG_WARN_CONSTANT_CONVERSION = YES;
				CLANG_WARN_DEPRECATED_OBJC_IMPLEMENTATIONS = YES;
				CLANG_WARN_DIRECT_OBJC_ISA_USAGE = YES_ERROR;
				CLANG_WARN_DOCUMENTATION_COMMENTS = YES;
				CLANG_WARN_EMPTY_BODY = YES;
				CLANG_WARN_ENUM_CONVERSION = YES;
				CLANG_WARN_INFINITE_RECURSION = YES;
				CLANG_WARN_INT_CONVERSION = YES;
				CLANG_WARN_NON_LITERAL_NULL_CONVERSION = YES;
				CLANG_WARN_OBJC_IMPLICIT_RETAIN_SELF = YES;
				CLANG_WARN_OBJC_LITERAL_CONVERSION = YES;
				CLANG_WARN_OBJC_ROOT_CLASS = YES_ERROR;
				CLANG_WARN_QUOTED_INCLUDE_IN_FRAMEWORK_HEADER = YES;
				CLANG_WARN_RANGE_LOOP_ANALYSIS = YES;
				CLANG_WARN_STRICT_PROTOTYPES = YES;
				CLANG_WARN_SUSPICIOUS_MOVE = YES;
				CLANG_WARN_UNGUARDED_AVAILABILITY = YES_AGGRESSIVE;
				CLANG_WARN_UNREACHABLE_CODE = YES;
				CLANG_WARN__DUPLICATE_METHOD_MATCH = YES;
				COPY_PHASE_STRIP = NO;
				DEBUG_INFORMATION_FORMAT = dwarf;
				DEVELOPMENT_TEAM = "$(inherited)";
				ENABLE_STRICT_OBJC_MSGSEND = YES;
				ENABLE_TESTABILITY = YES;
				ENABLE_USER_SCRIPT_SANDBOXING = YES;
				GCC_C_LANGUAGE_STANDARD = gnu17;
				GCC_DYNAMIC_NO_PIC = NO;
				GCC_NO_COMMON_BLOCKS = YES;
				GCC_OPTIMIZATION_LEVEL = 0;
				GCC_PREPROCESSOR_DEFINITIONS = (
					"DEBUG=1",
					"$(inherited)",
				);
				GCC_WARN_64_TO_32_BIT_CONVERSION = YES;
				GCC_WARN_ABOUT_RETURN_TYPE = YES_ERROR;
				GCC_WARN_UNDECLARED_SELECTOR = YES;
				GCC_WARN_UNINITIALIZED_AUTOS = YES_AGGRESSIVE;
				GCC_WARN_UNUSED_FUNCTION = YES;
				GCC_WARN_UNUSED_VARIABLE = YES;
				LOCALIZATION_PREFERS_STRING_CATALOGS = YES;
				MACOSX_DEPLOYMENT_TARGET = 26.0;
				MTL_ENABLE_DEBUG_INFO = INCLUDE_SOURCE;
				MTL_FAST_MATH = YES;
				ONLY_ACTIVE_ARCH = YES;
				SDKROOT = macosx;
				SWIFT_ACTIVE_COMPILATION_CONDITIONS = "DEBUG $(inherited)";
				SWIFT_OPTIMIZATION_LEVEL = "-Onone";
			};
			name = Debug;
		};
		81E974892F1739E90089E89C /* Release */ = {
			isa = XCBuildConfiguration;
			baseConfigurationReference = 8111E92D2F18559E00BB0A1B /* DeveloperSettings.xcconfig */;
			buildSettings = {
				ALWAYS_SEARCH_USER_PATHS = NO;
				ASSETCATALOG_COMPILER_GENERATE_SWIFT_ASSET_SYMBOL_EXTENSIONS = YES;
				CLANG_ANALYZER_NONNULL = YES;
				CLANG_ANALYZER_NUMBER_OBJECT_CONVERSION = YES_AGGRESSIVE;
				CLANG_CXX_LANGUAGE_STANDARD = "gnu++20";
				CLANG_ENABLE_MODULES = YES;
				CLANG_ENABLE_OBJC_ARC = YES;
				CLANG_ENABLE_OBJC_WEAK = YES;
				CLANG_WARN_BLOCK_CAPTURE_AUTORELEASING = YES;
				CLANG_WARN_BOOL_CONVERSION = YES;
				CLANG_WARN_COMMA = YES;
				CLANG_WARN_CONSTANT_CONVERSION = YES;
				CLANG_WARN_DEPRECATED_OBJC_IMPLEMENTATIONS = YES;
				CLANG_WARN_DIRECT_OBJC_ISA_USAGE = YES_ERROR;
				CLANG_WARN_DOCUMENTATION_COMMENTS = YES;
				CLANG_WARN_EMPTY_BODY = YES;
				CLANG_WARN_ENUM_CONVERSION = YES;
				CLANG_WARN_INFINITE_RECURSION = YES;
				CLANG_WARN_INT_CONVERSION = YES;
				CLANG_WARN_NON_LITERAL_NULL_CONVERSION = YES;
				CLANG_WARN_OBJC_IMPLICIT_RETAIN_SELF = YES;
				CLANG_WARN_OBJC_LITERAL_CONVERSION = YES;
				CLANG_WARN_OBJC_ROOT_CLASS = YES_ERROR;
				CLANG_WARN_QUOTED_INCLUDE_IN_FRAMEWORK_HEADER = YES;
				CLANG_WARN_RANGE_LOOP_ANALYSIS = YES;
				CLANG_WARN_STRICT_PROTOTYPES = YES;
				CLANG_WARN_SUSPICIOUS_MOVE = YES;
				CLANG_WARN_UNGUARDED_AVAILABILITY = YES_AGGRESSIVE;
				CLANG_WARN_UNREACHABLE_CODE = YES;
				CLANG_WARN__DUPLICATE_METHOD_MATCH = YES;
				COPY_PHASE_STRIP = NO;
				DEBUG_INFORMATION_FORMAT = "dwarf-with-dsym";
				DEVELOPMENT_TEAM = "$(inherited)";
				ENABLE_NS_ASSERTIONS = NO;
				ENABLE_STRICT_OBJC_MSGSEND = YES;
				ENABLE_USER_SCRIPT_SANDBOXING = YES;
				GCC_C_LANGUAGE_STANDARD = gnu17;
				GCC_NO_COMMON_BLOCKS = YES;
				GCC_WARN_64_TO_32_BIT_CONVERSION = YES;
				GCC_WARN_ABOUT_RETURN_TYPE = YES_ERROR;
				GCC_WARN_UNDECLARED_SELECTOR = YES;
				GCC_WARN_UNINITIALIZED_AUTOS = YES_AGGRESSIVE;
				GCC_WARN_UNUSED_FUNCTION = YES;
				GCC_WARN_UNUSED_VARIABLE = YES;
				LOCALIZATION_PREFERS_STRING_CATALOGS = YES;
				MACOSX_DEPLOYMENT_TARGET = 26.0;
				MTL_ENABLE_DEBUG_INFO = NO;
				MTL_FAST_MATH = YES;
				SDKROOT = macosx;
				SWIFT_COMPILATION_MODE = wholemodule;
			};
			name = Release;
		};
		81E9748B2F1739E90089E89C /* Debug */ = {
			isa = XCBuildConfiguration;
			buildSettings = {
				ASSETCATALOG_COMPILER_APPICON_NAME = AppIcon;
				ASSETCATALOG_COMPILER_GLOBAL_ACCENT_COLOR_NAME = AccentColor;
				CODE_SIGN_ENTITLEMENTS = "yt-dlp Clip Maker/yt_dlp_Clip_Maker.entitlements";
				CODE_SIGN_STYLE = Automatic;
				COMBINE_HIDPI_IMAGES = YES;
				CURRENT_PROJECT_VERSION = 1;
				ENABLE_APP_SANDBOX = NO;
				ENABLE_HARDENED_RUNTIME = YES;
				ENABLE_PREVIEWS = YES;
				GENERATE_INFOPLIST_FILE = YES;
				INFOPLIST_KEY_CFBundleDisplayName = "yt-dlp Clip Maker";
				INFOPLIST_KEY_LSApplicationCategoryType = "public.app-category.video";
				INFOPLIST_KEY_NSHumanReadableCopyright = "";
				LD_RUNPATH_SEARCH_PATHS = (
					"$(inherited)",
					"@executable_path/../Frameworks",
				);
				MARKETING_VERSION = 1.0.0;
				PRODUCT_BUNDLE_IDENTIFIER = "org.mikeyin.yt-dlp-Clip-Maker";
				PRODUCT_NAME = "$(TARGET_NAME)";
				PROVISIONING_PROFILE_SPECIFIER = "";
				REGISTER_APP_GROUPS = YES;
				STRING_CATALOG_GENERATE_SYMBOLS = YES;
				SWIFT_APPROACHABLE_CONCURRENCY = YES;
				SWIFT_DEFAULT_ACTOR_ISOLATION = MainActor;
				SWIFT_EMIT_LOC_STRINGS = YES;
				SWIFT_UPCOMING_FEATURE_MEMBER_IMPORT_VISIBILITY = YES;
				SWIFT_VERSION = 5.0;
			};
			name = Debug;
		};
		81E9748C2F1739E90089E89C /* Release */ = {
			isa = XCBuildConfiguration;
			buildSettings = {
				ASSETCATALOG_COMPILER_APPICON_NAME = AppIcon;
				ASSETCATALOG_COMPILER_GLOBAL_ACCENT_COLOR_NAME = AccentColor;
				CODE_SIGN_ENTITLEMENTS = "yt-dlp Clip Maker/yt_dlp_Clip_Maker.entitlements";
				CODE_SIGN_STYLE = Manual;
				COMBINE_HIDPI_IMAGES = YES;
				CURRENT_PROJECT_VERSION = 1;
				ENABLE_APP_SANDBOX = NO;
				ENABLE_HARDENED_RUNTIME = YES;
				ENABLE_PREVIEWS = YES;
				GENERATE_INFOPLIST_FILE = YES;
				INFOPLIST_KEY_CFBundleDisplayName = "yt-dlp Clip Maker";
				INFOPLIST_KEY_LSApplicationCategoryType = "public.app-category.video";
				INFOPLIST_KEY_NSHumanReadableCopyright = "";
				LD_RUNPATH_SEARCH_PATHS = (
					"$(inherited)",
					"@executable_path/../Frameworks",
				);
				MARKETING_VERSION = 1.0.0;
				PRODUCT_BUNDLE_IDENTIFIER = "org.mikeyin.yt-dlp-Clip-Maker";
				PRODUCT_NAME = "$(TARGET_NAME)";
				PROVISIONING_PROFILE_SPECIFIER = "";
				REGISTER_APP_GROUPS = YES;
				STRING_CATALOG_GENERATE_SYMBOLS = YES;
				SWIFT_APPROACHABLE_CONCURRENCY = YES;
				SWIFT_DEFAULT_ACTOR_ISOLATION = MainActor;
				SWIFT_EMIT_LOC_STRINGS = YES;
				SWIFT_UPCOMING_FEATURE_MEMBER_IMPORT_VISIBILITY = YES;
				SWIFT_VERSION = 5.0;
			};
			name = Release;
		};
		81E9748E2F1739E90089E89C /* Debug */ = {
			isa = XCBuildConfiguration;
			buildSettings = {
				BUNDLE_LOADER = "$(TEST_HOST)";
				CODE_SIGN_STYLE = Automatic;
				CURRENT_PROJECT_VERSION = 1;
				DEVELOPMENT_TEAM = "$(inherited)";
				GENERATE_INFOPLIST_FILE = YES;
				MACOSX_DEPLOYMENT_TARGET = 26.0;
				MARKETING_VERSION = 1.0;
				PRODUCT_BUNDLE_IDENTIFIER = "org.mikeyin.yt-dlp-Clip-MakerTests";
				PRODUCT_NAME = "$(TARGET_NAME)";
				STRING_CATALOG_GENERATE_SYMBOLS = NO;
				SWIFT_APPROACHABLE_CONCURRENCY = YES;
				SWIFT_EMIT_LOC_STRINGS = NO;
				SWIFT_UPCOMING_FEATURE_MEMBER_IMPORT_VISIBILITY = YES;
				SWIFT_VERSION = 5.0;
				TEST_HOST = "$(BUILT_PRODUCTS_DIR)/yt-dlp Clip Maker.app/$(BUNDLE_EXECUTABLE_FOLDER_PATH)/yt-dlp Clip Maker";
			};
			name = Debug;
		};
		81E9748F2F1739E90089E89C /* Release */ = {
			isa = XCBuildConfiguration;
			buildSettings = {
				BUNDLE_LOADER = "$(TEST_HOST)";
				CODE_SIGN_STYLE = Automatic;
				CURRENT_PROJECT_VERSION = 1;
				DEVELOPMENT_TEAM = "$(inherited)";
				GENERATE_INFOPLIST_FILE = YES;
				MACOSX_DEPLOYMENT_TARGET = 26.0;
				MARKETING_VERSION = 1.0;
				PRODUCT_BUNDLE_IDENTIFIER = "org.mikeyin.yt-dlp-Clip-MakerTests";
				PRODUCT_NAME = "$(TARGET_NAME)";
				STRING_CATALOG_GENERATE_SYMBOLS = NO;
				SWIFT_APPROACHABLE_CONCURRENCY = YES;
				SWIFT_EMIT_LOC_STRINGS = NO;
				SWIFT_UPCOMING_FEATURE_MEMBER_IMPORT_VISIBILITY = YES;
				SWIFT_VERSION = 5.0;
				TEST_HOST = "$(BUILT_PRODUCTS_DIR)/yt-dlp Clip Maker.app/$(BUNDLE_EXECUTABLE_FOLDER_PATH)/yt-dlp Clip Maker";
			};
			name = Release;
		};
		81E974912F1739E90089E89C /* Debug */ = {
			isa = XCBuildConfiguration;
			buildSettings = {
				CODE_SIGN_STYLE = Automatic;
				CURRENT_PROJECT_VERSION = 1;
				DEVELOPMENT_TEAM = "$(inherited)";
				GENERATE_INFOPLIST_FILE = YES;
				MARKETING_VERSION = 1.0;
				PRODUCT_BUNDLE_IDENTIFIER = "org.mikeyin.yt-dlp-Clip-MakerUITests";
				PRODUCT_NAME = "$(TARGET_NAME)";
				STRING_CATALOG_GENERATE_SYMBOLS = NO;
				SWIFT_APPROACHABLE_CONCURRENCY = YES;
				SWIFT_EMIT_LOC_STRINGS = NO;
				SWIFT_UPCOMING_FEATURE_MEMBER_IMPORT_VISIBILITY = YES;
				SWIFT_VERSION = 5.0;
				TEST_TARGET_NAME = "yt-dlp Clip Maker";
			};
			name = Debug;
		};
		81E974922F1739E90089E89C /* Release */ = {
			isa = XCBuildConfiguration;
			buildSettings = {
				CODE_SIGN_STYLE = Automatic;
				CURRENT_PROJECT_VERSION = 1;
				DEVELOPMENT_TEAM = "$(inherited)";
				GENERATE_INFOPLIST_FILE = YES;
				MARKETING_VERSION = 1.0;
				PRODUCT_BUNDLE_IDENTIFIER = "org.mikeyin.yt-dlp-Clip-MakerUITests";
				PRODUCT_NAME = "$(TARGET_NAME)";
				STRING_CATALOG_GENERATE_SYMBOLS = NO;
				SWIFT_APPROACHABLE_CONCURRENCY = YES;
				SWIFT_EMIT_LOC_STRINGS = NO;
				SWIFT_UPCOMING_FEATURE_MEMBER_IMPORT_VISIBILITY = YES;
				SWIFT_VERSION = 5.0;
				TEST_TARGET_NAME = "yt-dlp Clip Maker";
			};
			name = Release;
		};
/* End XCBuildConfiguration section */

/* Begin XCConfigurationList section */
		81E974622F1739E70089E89C /* Build configuration list for PBXProject "yt-dlp Clip Maker" */ = {
			isa = XCConfigurationList;
			buildConfigurations = (
				81E974882F1739E90089E89C /* Debug */,
				81E974892F1739E90089E89C /* Release */,
			);
			defaultConfigurationIsVisible = 0;
			defaultConfigurationName = Release;
		};
		81E9748A2F1739E90089E89C /* Build configuration list for PBXNativeTarget "yt-dlp Clip Maker" */ = {
			isa = XCConfigurationList;
			buildConfigurations = (
				81E9748B2F1739E90089E89C /* Debug */,
				81E9748C2F1739E90089E89C /* Release */,
			);
			defaultConfigurationIsVisible = 0;
			defaultConfigurationName = Release;
		};
		81E9748D2F1739E90089E89C /* Build configuration list for PBXNativeTarget "yt-dlp Clip MakerTests" */ = {
			isa = XCConfigurationList;
			buildConfigurations = (
				81E9748E2F1739E90089E89C /* Debug */,
				81E9748F2F1739E90089E89C /* Release */,
			);
			defaultConfigurationIsVisible = 0;
			defaultConfigurationName = Release;
		};
		81E974902F1739E90089E89C /* Build configuration list for PBXNativeTarget "yt-dlp Clip MakerUITests" */ = {
			isa = XCConfigurationList;
			buildConfigurations = (
				81E974912F1739E90089E89C /* Debug */,
				81E974922F1739E90089E89C /* Release */,
			);
			defaultConfigurationIsVisible = 0;
			defaultConfigurationName = Release;
		};
/* End XCConfigurationList section */
	};
	rootObject = 81E9745F2F1739E70089E89C /* Project object */;
}
